<?xml version="1.0" encoding="utf-8"?>
<Project ToolsVersion="4.0" xmlns="http://schemas.microsoft.com/developer/msbuild/2003">
  <ItemGroup>
    <Filter Include="PURMA">
      <UniqueIdentifier>{AAABD60D-16C0-FEBE-DF41-A21E4B15FBEF}</UniqueIdentifier>
    </Filter>
    <Filter Include="PURMA\Events">
      <UniqueIdentifier>{4E547509-3AB7-04AE-E33C-3D64CF7ED030}</UniqueIdentifier>
    </Filter>
  </ItemGroup>
  <ItemGroup>
    <ClInclude Include="src\PURMA.h" />
    <ClInclude Include="src\PURMA\Application.h">
      <Filter>PURMA</Filter>
    </ClInclude>
    <ClInclude Include="src\PURMA\Core.h">
      <Filter>PURMA</Filter>
    </ClInclude>
    <ClInclude Include="src\PURMA\EntryPoint.h">
      <Filter>PURMA</Filter>
    </ClInclude>
    <ClInclude Include="src\PURMA\Events\ApplicationEvent.h">
      <Filter>PURMA\Events</Filter>
    </ClInclude>
    <ClInclude Include="src\PURMA\Events\Event.h">
      <Filter>PURMA\Events</Filter>
    </ClInclude>
    <ClInclude Include="src\PURMA\Events\KeyEvent.h">
      <Filter>PURMA\Events</Filter>
    </ClInclude>
    <ClInclude Include="src\PURMA\Events\MouseEvent.h">
      <Filter>PURMA\Events</Filter>
    </ClInclude>
    <ClInclude Include="src\PURMA\Log.h">
      <Filter>PURMA</Filter>
    </ClInclude>
  </ItemGroup>
  <ItemGroup>
    <ClCompile Include="src\PURMA\Application.cpp">
      <Filter>PURMA</Filter>
    </ClCompile>
    <ClCompile Include="src\PURMA\Log.cpp">
      <Filter>PURMA</Filter>
    </ClCompile>
  </ItemGroup>
</Project>